
Microsoft Visual Studio Solution File, Format Version 12.00
# Visual Studio Version 17
VisualStudioVersion = 17.9.34728.123
MinimumVisualStudioVersion = 10.0.40219.1
Project("{8BC9CEB8-8B4A-11D0-8D11-00A0C91BC942}") = "PrimeFactor2", "PrimeFactor2\PrimeFactor2.vcxproj", "{C2550905-51DD-4AB6-A34D-10B67C1132E9}"
EndProject
Project("{8BC9CEB8-8B4A-11D0-8D11-00A0C91BC942}") = "Sample-Test1", "Sample-Test1\Sample-Test1.vcxproj", "{E4561230-2D05-4DAC-8D7C-3187E5AF7477}"
EndProject
Project("{2150E333-8FDC-42A3-9474-1A3956D46DE8}") = "솔루션 항목", "솔루션 항목", "{CB49D8E6-8419-471D-B443-1B6A5D694CB2}"
	ProjectSection(SolutionItems) = preProject
		.gitignore = .gitignore
	EndProjectSection
EndProject
Global
	GlobalSection(SolutionConfigurationPlatforms) = preSolution
		Debug|x64 = Debug|x64
		Debug|x86 = Debug|x86
		Release|x64 = Release|x64
		Release|x86 = Release|x86
	EndGlobalSection
	GlobalSection(ProjectConfigurationPlatforms) = postSolution
		{C2550905-51DD-4AB6-A34D-10B67C1132E9}.Debug|x64.ActiveCfg = Debug|x64
		{C2550905-51DD-4AB6-A34D-10B67C1132E9}.Debug|x64.Build.0 = Debug|x64
		{C2550905-51DD-4AB6-A34D-10B67C1132E9}.Debug|x86.ActiveCfg = Debug|Win32
		{C2550905-51DD-4AB6-A34D-10B67C1132E9}.Debug|x86.Build.0 = Debug|Win32
		{C2550905-51DD-4AB6-A34D-10B67C1132E9}.Release|x64.ActiveCfg = Release|x64
		{C2550905-51DD-4AB6-A34D-10B67C1132E9}.Release|x64.Build.0 = Release|x64
		{C2550905-51DD-4AB6-A34D-10B67C1132E9}.Release|x86.ActiveCfg = Release|Win32
		{C2550905-51DD-4AB6-A34D-10B67C1132E9}.Release|x86.Build.0 = Release|Win32
		{E4561230-2D05-4DAC-8D7C-3187E5AF7477}.Debug|x64.ActiveCfg = Debug|x64
		{E4561230-2D05-4DAC-8D7C-3187E5AF7477}.Debug|x64.Build.0 = Debug|x64
		{E4561230-2D05-4DAC-8D7C-3187E5AF7477}.Debug|x86.ActiveCfg = Debug|Win32
		{E4561230-2D05-4DAC-8D7C-3187E5AF7477}.Debug|x86.Build.0 = Debug|Win32
		{E4561230-2D05-4DAC-8D7C-3187E5AF7477}.Release|x64.ActiveCfg = Release|x64
		{E4561230-2D05-4DAC-8D7C-3187E5AF7477}.Release|x64.Build.0 = Release|x64
		{E4561230-2D05-4DAC-8D7C-3187E5AF7477}.Release|x86.ActiveCfg = Release|Win32
		{E4561230-2D05-4DAC-8D7C-3187E5AF7477}.Release|x86.Build.0 = Release|Win32
	EndGlobalSection
	GlobalSection(SolutionProperties) = preSolution
		HideSolutionNode = FALSE
	EndGlobalSection
	GlobalSection(ExtensibilityGlobals) = postSolution
		SolutionGuid = {2408F4D6-A908-4C63-A9B2-E8FAC4386D79}
	EndGlobalSection
EndGlobal
